<?xml version="1.0" encoding="utf-8"?>
<Project ToolsVersion="4.0" xmlns="http://schemas.microsoft.com/developer/msbuild/2003">
  <ItemGroup>
    <Filter Include="Source Files">
      <UniqueIdentifier>{4FC737F1-C7A5-4376-A066-2A32D752A2FF}</UniqueIdentifier>
      <Extensions>cpp;c;cc;cxx;c++;cppm;ixx;def;odl;idl;hpj;bat;asm;asmx</Extensions>
    </Filter>
    <Filter Include="Header Files">
      <UniqueIdentifier>{93995380-89BD-4b04-88EB-625FBE52EBFB}</UniqueIdentifier>
      <Extensions>h;hh;hpp;hxx;h++;hm;inl;inc;ipp;xsd</Extensions>
    </Filter>
    <Filter Include="Resource Files">
      <UniqueIdentifier>{67DA6AB6-F800-4c08-8B7A-83BB121AAD01}</UniqueIdentifier>
      <Extensions>rc;ico;cur;bmp;dlg;rc2;rct;bin;rgs;gif;jpg;jpeg;jpe;resx;tiff;tif;png;wav;mfcribbon-ms</Extensions>
    </Filter>
    <Filter Include="States">
      <UniqueIdentifier>{ca95613a-c0ca-441e-aa51-dcde52ac3aab}</UniqueIdentifier>
    </Filter>
    <Filter Include="Entities">
      <UniqueIdentifier>{fb8dc112-01eb-4b95-aab5-72d52f850767}</UniqueIdentifier>
    </Filter>
    <Filter Include="Components">
      <UniqueIdentifier>{3bdcc147-ee42-4adc-b94d-a334e9ca4bb9}</UniqueIdentifier>
    </Filter>
    <Filter Include="GUI">
      <UniqueIdentifier>{c4996125-63b8-4924-9f1e-4a1d7d951ccc}</UniqueIdentifier>
    </Filter>
    <Filter Include="Map">
      <UniqueIdentifier>{7270ac73-04b1-4978-b3f1-a7b85c74681f}</UniqueIdentifier>
    </Filter>
    <Filter Include="Tile">
      <UniqueIdentifier>{cd70a85a-2833-49f2-969f-33125664c66f}</UniqueIdentifier>
    </Filter>
    <Filter Include="Weapon">
      <UniqueIdentifier>{655ae99a-b741-4354-b386-d91edc57d2f7}</UniqueIdentifier>
    </Filter>
  </ItemGroup>
  <ItemGroup>
    <ClCompile Include="main.cpp">
      <Filter>Source Files</Filter>
    </ClCompile>
    <ClCompile Include="Game.cpp">
      <Filter>Source Files</Filter>
    </ClCompile>
    <ClCompile Include="GameState.cpp">
      <Filter>States</Filter>
    </ClCompile>
    <ClCompile Include="State.cpp">
      <Filter>States</Filter>
    </ClCompile>
    <ClCompile Include="Entity.cpp">
      <Filter>Entities</Filter>
    </ClCompile>
    <ClCompile Include="MainMenuState.cpp">
      <Filter>States</Filter>
    </ClCompile>
    <ClCompile Include="Player.cpp">
      <Filter>Entities</Filter>
    </ClCompile>
    <ClCompile Include="MovementComponent.cpp">
      <Filter>Components</Filter>
    </ClCompile>
    <ClCompile Include="AnimationComponent.cpp">
      <Filter>Components</Filter>
    </ClCompile>
    <ClCompile Include="HitboxComponent.cpp">
      <Filter>Components</Filter>
    </ClCompile>
    <ClCompile Include="PauseMenu.cpp">
      <Filter>GUI</Filter>
    </ClCompile>
    <ClCompile Include="SettingsState.cpp">
      <Filter>States</Filter>
    </ClCompile>
    <ClCompile Include="Gui.cpp">
      <Filter>Resource Files</Filter>
    </ClCompile>
    <ClCompile Include="TileMap.cpp">
      <Filter>Map</Filter>
    </ClCompile>
    <ClCompile Include="Tile.cpp">
      <Filter>Tile</Filter>
    </ClCompile>
    <ClCompile Include="stdafx.cpp">
      <Filter>Source Files</Filter>
    </ClCompile>
    <ClCompile Include="GraphicsSettings.cpp">
      <Filter>Source Files</Filter>
    </ClCompile>
    <ClCompile Include="EditorState.cpp">
      <Filter>States</Filter>
    </ClCompile>
    <ClCompile Include="Enemy.cpp">
      <Filter>Entities</Filter>
    </ClCompile>
    <ClCompile Include="Weapon.cpp">
      <Filter>Weapon</Filter>
    </ClCompile>
    <ClCompile Include="Sword.cpp">
      <Filter>Weapon</Filter>
    </ClCompile>
    <ClCompile Include="EnemySpawner.cpp">
      <Filter>Entities</Filter>
    </ClCompile>
    <ClCompile Include="EndScreenMenu.cpp">
      <Filter>GUI</Filter>
    </ClCompile>
    <ClCompile Include="WinScreen.cpp">
      <Filter>GUI</Filter>
    </ClCompile>
  </ItemGroup>
  <ItemGroup>
    <ClInclude Include="Game.h">
      <Filter>Header Files</Filter>
    </ClInclude>
    <ClInclude Include="GameState.h">
      <Filter>States</Filter>
    </ClInclude>
    <ClInclude Include="State.h">
      <Filter>States</Filter>
    </ClInclude>
    <ClInclude Include="Entity.h">
      <Filter>Entities</Filter>
    </ClInclude>
    <ClInclude Include="MainMenuState.h">
      <Filter>States</Filter>
    </ClInclude>
    <ClInclude Include="Player.h">
      <Filter>Entities</Filter>
    </ClInclude>
    <ClInclude Include="MovementComponent.h">
      <Filter>Components</Filter>
    </ClInclude>
    <ClInclude Include="AnimationComponent.h">
      <Filter>Components</Filter>
    </ClInclude>
    <ClInclude Include="HitboxComponent.h">
      <Filter>Components</Filter>
    </ClInclude>
    <ClInclude Include="PauseMenu.h">
      <Filter>GUI</Filter>
    </ClInclude>
    <ClInclude Include="SettingsState.h">
      <Filter>States</Filter>
    </ClInclude>
    <ClInclude Include="Gui.h">
      <Filter>Resource Files</Filter>
    </ClInclude>
    <ClInclude Include="TileMap.h">
      <Filter>Map</Filter>
    </ClInclude>
    <ClInclude Include="Tile.h">
      <Filter>Tile</Filter>
    </ClInclude>
    <ClInclude Include="stdafx.h">
      <Filter>Header Files</Filter>
    </ClInclude>
    <ClInclude Include="GraphicsSettings.h">
      <Filter>Header Files</Filter>
    </ClInclude>
    <ClInclude Include="EditorState.h">
      <Filter>States</Filter>
    </ClInclude>
    <ClInclude Include="Enemy.h">
      <Filter>Entities</Filter>
    </ClInclude>
    <ClInclude Include="Weapon.h">
      <Filter>Weapon</Filter>
    </ClInclude>
    <ClInclude Include="Sword.h">
      <Filter>Weapon</Filter>
    </ClInclude>
    <ClInclude Include="EnemySpawner.h">
      <Filter>Entities</Filter>
    </ClInclude>
    <ClInclude Include="EndScreenMenu.h">
      <Filter>GUI</Filter>
    </ClInclude>
    <ClInclude Include="WinScreen.h">
      <Filter>GUI</Filter>
    </ClInclude>
  </ItemGroup>
</Project>